// !$*UTF8*$!
{
	archiveVersion = 1;
	classes = {
	};
	objectVersion = 56;
	objects = {

/* Begin PBXBuildFile section */
		55EA5C1729CEF78A00464D65 /* AppDelegate.swift in Sources */ = {isa = PBXBuildFile; fileRef = 55EA5C1629CEF78A00464D65 /* AppDelegate.swift */; };
		55EA5C1B29CEF78A00464D65 /* ViewController.swift in Sources */ = {isa = PBXBuildFile; fileRef = 55EA5C1A29CEF78A00464D65 /* ViewController.swift */; };
		55EA5C2029CEF78A00464D65 /* Assets.xcassets in Resources */ = {isa = PBXBuildFile; fileRef = 55EA5C1F29CEF78A00464D65 /* Assets.xcassets */; };
		55EA5C2329CEF78A00464D65 /* LaunchScreen.storyboard in Resources */ = {isa = PBXBuildFile; fileRef = 55EA5C2129CEF78A00464D65 /* LaunchScreen.storyboard */; };
		55EA5C3129CF006A00464D65 /* ELTextField in Frameworks */ = {isa = PBXBuildFile; productRef = 55EA5C3029CF006A00464D65 /* ELTextField */; };
		55EA5C3429CF009000464D65 /* SnapKit in Frameworks */ = {isa = PBXBuildFile; productRef = 55EA5C3329CF009000464D65 /* SnapKit */; };
		55EA5C3729CF3DCF00464D65 /* Colors.xcassets in Resources */ = {isa = PBXBuildFile; fileRef = 55EA5C3629CF3DCF00464D65 /* Colors.xcassets */; };
		55EA5C3A29CF3E5100464D65 /* RswiftLibrary in Frameworks */ = {isa = PBXBuildFile; productRef = 55EA5C3929CF3E5100464D65 /* RswiftLibrary */; };
		55EA5C4429CF401B00464D65 /* Swissors in Frameworks */ = {isa = PBXBuildFile; productRef = 55EA5C4329CF401B00464D65 /* Swissors */; };
		55EA5C4929CF429900464D65 /* PNFloatingPlaceholderTextFieldConfiguration.swift in Sources */ = {isa = PBXBuildFile; fileRef = 55EA5C4829CF429900464D65 /* PNFloatingPlaceholderTextFieldConfiguration.swift */; };
		55EA5C4D29CF42B300464D65 /* PNFloatingPlaceholderTextFieldContainer.swift in Sources */ = {isa = PBXBuildFile; fileRef = 55EA5C4C29CF42B300464D65 /* PNFloatingPlaceholderTextFieldContainer.swift */; };
		55EA5C5129CF4B1A00464D65 /* PNSearchTextFieldBehavior.swift in Sources */ = {isa = PBXBuildFile; fileRef = 55EA5C5029CF4B1A00464D65 /* PNSearchTextFieldBehavior.swift */; };
/* End PBXBuildFile section */

/* Begin PBXFileReference section */
		55EA5C1329CEF78A00464D65 /* ELTextFieldDemo.app */ = {isa = PBXFileReference; explicitFileType = wrapper.application; includeInIndex = 0; path = ELTextFieldDemo.app; sourceTree = BUILT_PRODUCTS_DIR; };
		55EA5C1629CEF78A00464D65 /* AppDelegate.swift */ = {isa = PBXFileReference; lastKnownFileType = sourcecode.swift; path = AppDelegate.swift; sourceTree = "<group>"; };
		55EA5C1A29CEF78A00464D65 /* ViewController.swift */ = {isa = PBXFileReference; lastKnownFileType = sourcecode.swift; path = ViewController.swift; sourceTree = "<group>"; };
		55EA5C1F29CEF78A00464D65 /* Assets.xcassets */ = {isa = PBXFileReference; lastKnownFileType = folder.assetcatalog; path = Assets.xcassets; sourceTree = "<group>"; };
		55EA5C2229CEF78A00464D65 /* Base */ = {isa = PBXFileReference; lastKnownFileType = file.storyboard; name = Base; path = Base.lproj/LaunchScreen.storyboard; sourceTree = "<group>"; };
		55EA5C2429CEF78A00464D65 /* Info.plist */ = {isa = PBXFileReference; lastKnownFileType = text.plist.xml; path = Info.plist; sourceTree = "<group>"; };
		55EA5C2E29CEFD0100464D65 /* ELTextField */ = {isa = PBXFileReference; lastKnownFileType = wrapper; name = ELTextField; path = ..; sourceTree = "<group>"; };
		55EA5C3629CF3DCF00464D65 /* Colors.xcassets */ = {isa = PBXFileReference; lastKnownFileType = folder.assetcatalog; path = Colors.xcassets; sourceTree = "<group>"; };
		55EA5C4829CF429900464D65 /* PNFloatingPlaceholderTextFieldConfiguration.swift */ = {isa = PBXFileReference; fileEncoding = 4; lastKnownFileType = sourcecode.swift; path = PNFloatingPlaceholderTextFieldConfiguration.swift; sourceTree = "<group>"; };
		55EA5C4C29CF42B300464D65 /* PNFloatingPlaceholderTextFieldContainer.swift */ = {isa = PBXFileReference; fileEncoding = 4; lastKnownFileType = sourcecode.swift; path = PNFloatingPlaceholderTextFieldContainer.swift; sourceTree = "<group>"; };
		55EA5C5029CF4B1A00464D65 /* PNSearchTextFieldBehavior.swift */ = {isa = PBXFileReference; lastKnownFileType = sourcecode.swift; path = PNSearchTextFieldBehavior.swift; sourceTree = "<group>"; };
/* End PBXFileReference section */

/* Begin PBXFrameworksBuildPhase section */
		55EA5C1029CEF78A00464D65 /* Frameworks */ = {
			isa = PBXFrameworksBuildPhase;
			buildActionMask = 2147483647;
			files = (
				55EA5C3129CF006A00464D65 /* ELTextField in Frameworks */,
				55EA5C4429CF401B00464D65 /* Swissors in Frameworks */,
				55EA5C3429CF009000464D65 /* SnapKit in Frameworks */,
				55EA5C3A29CF3E5100464D65 /* RswiftLibrary in Frameworks */,
			);
			runOnlyForDeploymentPostprocessing = 0;
		};
/* End PBXFrameworksBuildPhase section */

/* Begin PBXGroup section */
		55EA5C0A29CEF78A00464D65 = {
			isa = PBXGroup;
			children = (
				55EA5C2D29CEFD0100464D65 /* Packages */,
				55EA5C1529CEF78A00464D65 /* ELTextFieldDemo */,
				55EA5C1429CEF78A00464D65 /* Products */,
				55EA5C2F29CF006900464D65 /* Frameworks */,
			);
			sourceTree = "<group>";
		};
		55EA5C1429CEF78A00464D65 /* Products */ = {
			isa = PBXGroup;
			children = (
				55EA5C1329CEF78A00464D65 /* ELTextFieldDemo.app */,
			);
			name = Products;
			sourceTree = "<group>";
		};
		55EA5C1529CEF78A00464D65 /* ELTextFieldDemo */ = {
			isa = PBXGroup;
			children = (
				55EA5C3529CF3DAF00464D65 /* Containers */,
				55EA5C1629CEF78A00464D65 /* AppDelegate.swift */,
				55EA5C1A29CEF78A00464D65 /* ViewController.swift */,
				55EA5C1F29CEF78A00464D65 /* Assets.xcassets */,
				55EA5C2129CEF78A00464D65 /* LaunchScreen.storyboard */,
				55EA5C2429CEF78A00464D65 /* Info.plist */,
				55EA5C3629CF3DCF00464D65 /* Colors.xcassets */,
			);
			path = ELTextFieldDemo;
			sourceTree = "<group>";
		};
		55EA5C2D29CEFD0100464D65 /* Packages */ = {
			isa = PBXGroup;
			children = (
				55EA5C2E29CEFD0100464D65 /* ELTextField */,
			);
			name = Packages;
			sourceTree = "<group>";
		};
		55EA5C2F29CF006900464D65 /* Frameworks */ = {
			isa = PBXGroup;
			children = (
			);
			name = Frameworks;
			sourceTree = "<group>";
		};
		55EA5C3529CF3DAF00464D65 /* Containers */ = {
			isa = PBXGroup;
			children = (
				55EA5C4E29CF42F700464D65 /* PN */,
			);
			path = Containers;
			sourceTree = "<group>";
		};
		55EA5C4E29CF42F700464D65 /* PN */ = {
			isa = PBXGroup;
			children = (
				55EA5C4C29CF42B300464D65 /* PNFloatingPlaceholderTextFieldContainer.swift */,
				55EA5C4829CF429900464D65 /* PNFloatingPlaceholderTextFieldConfiguration.swift */,
				55EA5C5029CF4B1A00464D65 /* PNSearchTextFieldBehavior.swift */,
			);
			path = PN;
			sourceTree = "<group>";
		};
/* End PBXGroup section */

/* Begin PBXNativeTarget section */
		55EA5C1229CEF78A00464D65 /* ELTextFieldDemo */ = {
			isa = PBXNativeTarget;
			buildConfigurationList = 55EA5C2729CEF78A00464D65 /* Build configuration list for PBXNativeTarget "ELTextFieldDemo" */;
			buildPhases = (
				55EA5C0F29CEF78A00464D65 /* Sources */,
				55EA5C1029CEF78A00464D65 /* Frameworks */,
				55EA5C1129CEF78A00464D65 /* Resources */,
			);
			buildRules = (
			);
			dependencies = (
				55EA5C3C29CF3E9000464D65 /* PBXTargetDependency */,
			);
			name = ELTextFieldDemo;
			packageProductDependencies = (
				55EA5C3029CF006A00464D65 /* ELTextField */,
				55EA5C3329CF009000464D65 /* SnapKit */,
				55EA5C3929CF3E5100464D65 /* RswiftLibrary */,
				55EA5C4329CF401B00464D65 /* Swissors */,
			);
			productName = ELTextFieldDemo;
			productReference = 55EA5C1329CEF78A00464D65 /* ELTextFieldDemo.app */;
			productType = "com.apple.product-type.application";
		};
/* End PBXNativeTarget section */

/* Begin PBXProject section */
		55EA5C0B29CEF78A00464D65 /* Project object */ = {
			isa = PBXProject;
			attributes = {
				BuildIndependentTargetsInParallel = 1;
				LastSwiftUpdateCheck = 1420;
				LastUpgradeCheck = 1420;
				ORGANIZATIONNAME = "E-legion";
				TargetAttributes = {
					55EA5C1229CEF78A00464D65 = {
						CreatedOnToolsVersion = 14.2;
					};
				};
			};
			buildConfigurationList = 55EA5C0E29CEF78A00464D65 /* Build configuration list for PBXProject "ELTextFieldDemo" */;
			compatibilityVersion = "Xcode 14.0";
			developmentRegion = en;
			hasScannedForEncodings = 0;
			knownRegions = (
				en,
				Base,
			);
			mainGroup = 55EA5C0A29CEF78A00464D65;
			packageReferences = (
				55EA5C3229CF009000464D65 /* XCRemoteSwiftPackageReference "SnapKit" */,
				55EA5C3829CF3E5100464D65 /* XCRemoteSwiftPackageReference "R.swift" */,
				55EA5C4229CF401B00464D65 /* XCRemoteSwiftPackageReference "ios-Swissors" */,
			);
			productRefGroup = 55EA5C1429CEF78A00464D65 /* Products */;
			projectDirPath = "";
			projectRoot = "";
			targets = (
				55EA5C1229CEF78A00464D65 /* ELTextFieldDemo */,
			);
		};
/* End PBXProject section */

/* Begin PBXResourcesBuildPhase section */
		55EA5C1129CEF78A00464D65 /* Resources */ = {
			isa = PBXResourcesBuildPhase;
			buildActionMask = 2147483647;
			files = (
				55EA5C3729CF3DCF00464D65 /* Colors.xcassets in Resources */,
				55EA5C2329CEF78A00464D65 /* LaunchScreen.storyboard in Resources */,
				55EA5C2029CEF78A00464D65 /* Assets.xcassets in Resources */,
			);
			runOnlyForDeploymentPostprocessing = 0;
		};
/* End PBXResourcesBuildPhase section */

/* Begin PBXSourcesBuildPhase section */
		55EA5C0F29CEF78A00464D65 /* Sources */ = {
			isa = PBXSourcesBuildPhase;
			buildActionMask = 2147483647;
			files = (
				55EA5C5129CF4B1A00464D65 /* PNSearchTextFieldBehavior.swift in Sources */,
				55EA5C1B29CEF78A00464D65 /* ViewController.swift in Sources */,
				55EA5C4D29CF42B300464D65 /* PNFloatingPlaceholderTextFieldContainer.swift in Sources */,
				55EA5C4929CF429900464D65 /* PNFloatingPlaceholderTextFieldConfiguration.swift in Sources */,
				55EA5C1729CEF78A00464D65 /* AppDelegate.swift in Sources */,
			);
			runOnlyForDeploymentPostprocessing = 0;
		};
/* End PBXSourcesBuildPhase section */

/* Begin PBXTargetDependency section */
		55EA5C3C29CF3E9000464D65 /* PBXTargetDependency */ = {
			isa = PBXTargetDependency;
			productRef = 55EA5C3B29CF3E9000464D65 /* RswiftGenerateInternalResources */;
		};
/* End PBXTargetDependency section */

/* Begin PBXVariantGroup section */
		55EA5C2129CEF78A00464D65 /* LaunchScreen.storyboard */ = {
			isa = PBXVariantGroup;
			children = (
				55EA5C2229CEF78A00464D65 /* Base */,
			);
			name = LaunchScreen.storyboard;
			sourceTree = "<group>";
		};
/* End PBXVariantGroup section */

/* Begin XCBuildConfiguration section */
		55EA5C2529CEF78A00464D65 /* Debug */ = {
			isa = XCBuildConfiguration;
			buildSettings = {
				ALWAYS_SEARCH_USER_PATHS = NO;
				CLANG_ANALYZER_NONNULL = YES;
				CLANG_ANALYZER_NUMBER_OBJECT_CONVERSION = YES_AGGRESSIVE;
				CLANG_CXX_LANGUAGE_STANDARD = "gnu++20";
				CLANG_ENABLE_MODULES = YES;
				CLANG_ENABLE_OBJC_ARC = YES;
				CLANG_ENABLE_OBJC_WEAK = YES;
				CLANG_WARN_BLOCK_CAPTURE_AUTORELEASING = YES;
				CLANG_WARN_BOOL_CONVERSION = YES;
				CLANG_WARN_COMMA = YES;
				CLANG_WARN_CONSTANT_CONVERSION = YES;
				CLANG_WARN_DEPRECATED_OBJC_IMPLEMENTATIONS = YES;
				CLANG_WARN_DIRECT_OBJC_ISA_USAGE = YES_ERROR;
				CLANG_WARN_DOCUMENTATION_COMMENTS = YES;
				CLANG_WARN_EMPTY_BODY = YES;
				CLANG_WARN_ENUM_CONVERSION = YES;
				CLANG_WARN_INFINITE_RECURSION = YES;
				CLANG_WARN_INT_CONVERSION = YES;
				CLANG_WARN_NON_LITERAL_NULL_CONVERSION = YES;
				CLANG_WARN_OBJC_IMPLICIT_RETAIN_SELF = YES;
				CLANG_WARN_OBJC_LITERAL_CONVERSION = YES;
				CLANG_WARN_OBJC_ROOT_CLASS = YES_ERROR;
				CLANG_WARN_QUOTED_INCLUDE_IN_FRAMEWORK_HEADER = YES;
				CLANG_WARN_RANGE_LOOP_ANALYSIS = YES;
				CLANG_WARN_STRICT_PROTOTYPES = YES;
				CLANG_WARN_SUSPICIOUS_MOVE = YES;
				CLANG_WARN_UNGUARDED_AVAILABILITY = YES_AGGRESSIVE;
				CLANG_WARN_UNREACHABLE_CODE = YES;
				CLANG_WARN__DUPLICATE_METHOD_MATCH = YES;
				COPY_PHASE_STRIP = NO;
				DEBUG_INFORMATION_FORMAT = dwarf;
				ENABLE_STRICT_OBJC_MSGSEND = YES;
				ENABLE_TESTABILITY = YES;
				GCC_C_LANGUAGE_STANDARD = gnu11;
				GCC_DYNAMIC_NO_PIC = NO;
				GCC_NO_COMMON_BLOCKS = YES;
				GCC_OPTIMIZATION_LEVEL = 0;
				GCC_PREPROCESSOR_DEFINITIONS = (
					"DEBUG=1",
					"$(inherited)",
				);
				GCC_WARN_64_TO_32_BIT_CONVERSION = YES;
				GCC_WARN_ABOUT_RETURN_TYPE = YES_ERROR;
				GCC_WARN_UNDECLARED_SELECTOR = YES;
				GCC_WARN_UNINITIALIZED_AUTOS = YES_AGGRESSIVE;
				GCC_WARN_UNUSED_FUNCTION = YES;
				GCC_WARN_UNUSED_VARIABLE = YES;
				IPHONEOS_DEPLOYMENT_TARGET = 16.2;
				MTL_ENABLE_DEBUG_INFO = INCLUDE_SOURCE;
				MTL_FAST_MATH = YES;
				ONLY_ACTIVE_ARCH = YES;
				SDKROOT = iphoneos;
				SWIFT_ACTIVE_COMPILATION_CONDITIONS = DEBUG;
				SWIFT_OPTIMIZATION_LEVEL = "-Onone";
			};
			name = Debug;
		};
		55EA5C2629CEF78A00464D65 /* Release */ = {
			isa = XCBuildConfiguration;
			buildSettings = {
				ALWAYS_SEARCH_USER_PATHS = NO;
				CLANG_ANALYZER_NONNULL = YES;
				CLANG_ANALYZER_NUMBER_OBJECT_CONVERSION = YES_AGGRESSIVE;
				CLANG_CXX_LANGUAGE_STANDARD = "gnu++20";
				CLANG_ENABLE_MODULES = YES;
				CLANG_ENABLE_OBJC_ARC = YES;
				CLANG_ENABLE_OBJC_WEAK = YES;
				CLANG_WARN_BLOCK_CAPTURE_AUTORELEASING = YES;
				CLANG_WARN_BOOL_CONVERSION = YES;
				CLANG_WARN_COMMA = YES;
				CLANG_WARN_CONSTANT_CONVERSION = YES;
				CLANG_WARN_DEPRECATED_OBJC_IMPLEMENTATIONS = YES;
				CLANG_WARN_DIRECT_OBJC_ISA_USAGE = YES_ERROR;
				CLANG_WARN_DOCUMENTATION_COMMENTS = YES;
				CLANG_WARN_EMPTY_BODY = YES;
				CLANG_WARN_ENUM_CONVERSION = YES;
				CLANG_WARN_INFINITE_RECURSION = YES;
				CLANG_WARN_INT_CONVERSION = YES;
				CLANG_WARN_NON_LITERAL_NULL_CONVERSION = YES;
				CLANG_WARN_OBJC_IMPLICIT_RETAIN_SELF = YES;
				CLANG_WARN_OBJC_LITERAL_CONVERSION = YES;
				CLANG_WARN_OBJC_ROOT_CLASS = YES_ERROR;
				CLANG_WARN_QUOTED_INCLUDE_IN_FRAMEWORK_HEADER = YES;
				CLANG_WARN_RANGE_LOOP_ANALYSIS = YES;
				CLANG_WARN_STRICT_PROTOTYPES = YES;
				CLANG_WARN_SUSPICIOUS_MOVE = YES;
				CLANG_WARN_UNGUARDED_AVAILABILITY = YES_AGGRESSIVE;
				CLANG_WARN_UNREACHABLE_CODE = YES;
				CLANG_WARN__DUPLICATE_METHOD_MATCH = YES;
				COPY_PHASE_STRIP = NO;
				DEBUG_INFORMATION_FORMAT = "dwarf-with-dsym";
				ENABLE_NS_ASSERTIONS = NO;
				ENABLE_STRICT_OBJC_MSGSEND = YES;
				GCC_C_LANGUAGE_STANDARD = gnu11;
				GCC_NO_COMMON_BLOCKS = YES;
				GCC_WARN_64_TO_32_BIT_CONVERSION = YES;
				GCC_WARN_ABOUT_RETURN_TYPE = YES_ERROR;
				GCC_WARN_UNDECLARED_SELECTOR = YES;
				GCC_WARN_UNINITIALIZED_AUTOS = YES_AGGRESSIVE;
				GCC_WARN_UNUSED_FUNCTION = YES;
				GCC_WARN_UNUSED_VARIABLE = YES;
				IPHONEOS_DEPLOYMENT_TARGET = 16.2;
				MTL_ENABLE_DEBUG_INFO = NO;
				MTL_FAST_MATH = YES;
				SDKROOT = iphoneos;
				SWIFT_COMPILATION_MODE = wholemodule;
				SWIFT_OPTIMIZATION_LEVEL = "-O";
				VALIDATE_PRODUCT = YES;
			};
			name = Release;
		};
		55EA5C2829CEF78A00464D65 /* Debug */ = {
			isa = XCBuildConfiguration;
			buildSettings = {
				ASSETCATALOG_COMPILER_APPICON_NAME = AppIcon;
				ASSETCATALOG_COMPILER_GLOBAL_ACCENT_COLOR_NAME = AccentColor;
				CODE_SIGN_STYLE = Manual;
				CURRENT_PROJECT_VERSION = 1;
				DEVELOPMENT_TEAM = "";
				GENERATE_INFOPLIST_FILE = YES;
				INFOPLIST_FILE = ELTextFieldDemo/Info.plist;
				INFOPLIST_KEY_UIApplicationSupportsIndirectInputEvents = YES;
				INFOPLIST_KEY_UILaunchStoryboardName = LaunchScreen;
				INFOPLIST_KEY_UISupportedInterfaceOrientations = UIInterfaceOrientationPortrait;
				INFOPLIST_KEY_UISupportedInterfaceOrientations_iPad = "UIInterfaceOrientationLandscapeLeft UIInterfaceOrientationLandscapeRight UIInterfaceOrientationPortrait UIInterfaceOrientationPortraitUpsideDown";
				IPHONEOS_DEPLOYMENT_TARGET = 13.0;
				LD_RUNPATH_SEARCH_PATHS = (
					"$(inherited)",
					"@executable_path/Frameworks",
				);
				MARKETING_VERSION = 1.0;
				PRODUCT_BUNDLE_IDENTIFIER = "com.e-legion.ELTextFieldDemo";
				PRODUCT_NAME = "$(TARGET_NAME)";
				PROVISIONING_PROFILE_SPECIFIER = "";
				SWIFT_EMIT_LOC_STRINGS = YES;
				SWIFT_VERSION = 5.0;
				TARGETED_DEVICE_FAMILY = "1,2";
			};
			name = Debug;
		};
		55EA5C2929CEF78A00464D65 /* Release */ = {
			isa = XCBuildConfiguration;
			buildSettings = {
				ASSETCATALOG_COMPILER_APPICON_NAME = AppIcon;
				ASSETCATALOG_COMPILER_GLOBAL_ACCENT_COLOR_NAME = AccentColor;
				CODE_SIGN_STYLE = Manual;
				CURRENT_PROJECT_VERSION = 1;
				DEVELOPMENT_TEAM = "";
				GENERATE_INFOPLIST_FILE = YES;
				INFOPLIST_FILE = ELTextFieldDemo/Info.plist;
				INFOPLIST_KEY_UIApplicationSupportsIndirectInputEvents = YES;
				INFOPLIST_KEY_UILaunchStoryboardName = LaunchScreen;
				INFOPLIST_KEY_UISupportedInterfaceOrientations = UIInterfaceOrientationPortrait;
				INFOPLIST_KEY_UISupportedInterfaceOrientations_iPad = "UIInterfaceOrientationLandscapeLeft UIInterfaceOrientationLandscapeRight UIInterfaceOrientationPortrait UIInterfaceOrientationPortraitUpsideDown";
				IPHONEOS_DEPLOYMENT_TARGET = 13.0;
				LD_RUNPATH_SEARCH_PATHS = (
					"$(inherited)",
					"@executable_path/Frameworks",
				);
				MARKETING_VERSION = 1.0;
				PRODUCT_BUNDLE_IDENTIFIER = "com.e-legion.ELTextFieldDemo";
				PRODUCT_NAME = "$(TARGET_NAME)";
				PROVISIONING_PROFILE_SPECIFIER = "";
				SWIFT_EMIT_LOC_STRINGS = YES;
				SWIFT_VERSION = 5.0;
				TARGETED_DEVICE_FAMILY = "1,2";
			};
			name = Release;
		};
/* End XCBuildConfiguration section */

/* Begin XCConfigurationList section */
		55EA5C0E29CEF78A00464D65 /* Build configuration list for PBXProject "ELTextFieldDemo" */ = {
			isa = XCConfigurationList;
			buildConfigurations = (
				55EA5C2529CEF78A00464D65 /* Debug */,
				55EA5C2629CEF78A00464D65 /* Release */,
			);
			defaultConfigurationIsVisible = 0;
			defaultConfigurationName = Release;
		};
		55EA5C2729CEF78A00464D65 /* Build configuration list for PBXNativeTarget "ELTextFieldDemo" */ = {
			isa = XCConfigurationList;
			buildConfigurations = (
				55EA5C2829CEF78A00464D65 /* Debug */,
				55EA5C2929CEF78A00464D65 /* Release */,
			);
			defaultConfigurationIsVisible = 0;
			defaultConfigurationName = Release;
		};
/* End XCConfigurationList section */

/* Begin XCRemoteSwiftPackageReference section */
		55EA5C3229CF009000464D65 /* XCRemoteSwiftPackageReference "SnapKit" */ = {
			isa = XCRemoteSwiftPackageReference;
			repositoryURL = "https://github.com/SnapKit/SnapKit";
			requirement = {
				kind = exactVersion;
				version = 5.6.0;
			};
		};
		55EA5C3829CF3E5100464D65 /* XCRemoteSwiftPackageReference "R.swift" */ = {
			isa = XCRemoteSwiftPackageReference;
			repositoryURL = "https://github.com/mac-cain13/R.swift.git";
			requirement = {
				kind = exactVersion;
				version = 7.3.0;
			};
		};
		55EA5C4229CF401B00464D65 /* XCRemoteSwiftPackageReference "ios-Swissors" */ = {
			isa = XCRemoteSwiftPackageReference;
			repositoryURL = "https://github.com/elegion/ios-Swissors";
			requirement = {
				kind = exactVersion;
				version = 2.5.2;
			};
		};
/* End XCRemoteSwiftPackageReference section */

/* Begin XCSwiftPackageProductDependency section */
		55EA5C3029CF006A00464D65 /* ELTextField */ = {
			isa = XCSwiftPackageProductDependency;
			productName = ELTextField;
		};
		55EA5C3329CF009000464D65 /* SnapKit */ = {
			isa = XCSwiftPackageProductDependency;
			package = 55EA5C3229CF009000464D65 /* XCRemoteSwiftPackageReference "SnapKit" */;
			productName = SnapKit;
		};
		55EA5C3929CF3E5100464D65 /* RswiftLibrary */ = {
			isa = XCSwiftPackageProductDependency;
			package = 55EA5C3829CF3E5100464D65 /* XCRemoteSwiftPackageReference "R.swift" */;
			productName = RswiftLibrary;
		};
		55EA5C3B29CF3E9000464D65 /* RswiftGenerateInternalResources */ = {
			isa = XCSwiftPackageProductDependency;
			productName = "plugin:RswiftGenerateInternalResources";
		};
		55EA5C4329CF401B00464D65 /* Swissors */ = {
			isa = XCSwiftPackageProductDependency;
			package = 55EA5C4229CF401B00464D65 /* XCRemoteSwiftPackageReference "ios-Swissors" */;
			productName = Swissors;
		};
/* End XCSwiftPackageProductDependency section */
	};
	rootObject = 55EA5C0B29CEF78A00464D65 /* Project object */;
}
