{
  "pins" : [
    {
      "identity" : "bettercodable",
      "kind" : "remoteSourceControl",
      "location" : "https://github.com/marksands/BetterCodable",
      "state" : {
        "revision" : "61153170668db7a46a20a87e35e70f80b24d4eb5",
        "version" : "0.4.0"
      }
    },
    {
      "identity" : "ios-swissors",
      "kind" : "remoteSourceControl",
      "location" : "https://github.com/elegion/ios-Swissors",
      "state" : {
        "revision" : "aafbdcaf40f57c2b47e87ac0bad6bf5a6293da2a",
        "version" : "2.5.2"
      }
    },
    {
      "identity" : "snapkit",
      "kind" : "remoteSourceControl",
      "location" : "https://github.com/SnapKit/SnapKit",
      "state" : {
        "revision" : "f222cbdf325885926566172f6f5f06af95473158",
        "version" : "5.6.0"
      }
    }
  ],
  "version" : 2
}
